{
  "name": "laravel-locale",
  "version": "1.0.0",
  "lockfileVersion": 2,
  "requires": true,
  "packages": {
    "": {
      "version": "1.0.0",
      "license": "ISC",
      "dependencies": {
        "@prettier/plugin-php": "^0.17.1"
      }
    },
    "node_modules/@prettier/plugin-php": {
      "version": "0.17.1",
      "resolved": "https://registry.npmjs.org/@prettier/plugin-php/-/plugin-php-0.17.1.tgz",
      "integrity": "sha512-TJIk6sH7ONtKO/ZNTCyDQl83kVbFQMtk7Z9ms4TczIqZhUTo07L0PLRfhcLTyG2ILnEOOjI+gKsaKsZjIkpaKw==",
      "dependencies": {
        "linguist-languages": "^7.5.1",
        "mem": "^8.0.0",
        "php-parser": "git+https://github.com/glayzzle/php-parser.git#bb89fff9e636a991aa3ac931d5f8a66a365fccce"
      },
      "peerDependencies": {
        "prettier": "^1.15.0 || ^2.0.0"
      }
    },
    "node_modules/linguist-languages": {
      "version": "7.15.0",
      "resolved": "https://registry.npmjs.org/linguist-languages/-/linguist-languages-7.15.0.tgz",
      "integrity": "sha512-qkSSNDjDDycZ2Wcw+GziNBB3nNo3ddYUInM/PL8Amgwbd9RQ/BKGj2/1d6mdxKgBFnUqZuaDbkIwkE4KUwwmtQ=="
    },
    "node_modules/map-age-cleaner": {
      "version": "0.1.3",
      "resolved": "https://registry.npmjs.org/map-age-cleaner/-/map-age-cleaner-0.1.3.tgz",
      "integrity": "sha512-bJzx6nMoP6PDLPBFmg7+xRKeFZvFboMrGlxmNj9ClvX53KrmvM5bXFXEWjbz4cz1AFn+jWJ9z/DJSz7hrs0w3w==",
      "dependencies": {
        "p-defer": "^1.0.0"
      },
      "engines": {
        "node": ">=6"
      }
    },
    "node_modules/mem": {
      "version": "8.1.1",
      "resolved": "https://registry.npmjs.org/mem/-/mem-8.1.1.tgz",
      "integrity": "sha512-qFCFUDs7U3b8mBDPyz5EToEKoAkgCzqquIgi9nkkR9bixxOVOre+09lbuH7+9Kn2NFpm56M3GUWVbU2hQgdACA==",
      "dependencies": {
        "map-age-cleaner": "^0.1.3",
        "mimic-fn": "^3.1.0"
      },
      "engines": {
        "node": ">=10"
      },
      "funding": {
        "url": "https://github.com/sindresorhus/mem?sponsor=1"
      }
    },
    "node_modules/mimic-fn": {
      "version": "3.1.0",
      "resolved": "https://registry.npmjs.org/mimic-fn/-/mimic-fn-3.1.0.tgz",
      "integrity": "sha512-Ysbi9uYW9hFyfrThdDEQuykN4Ey6BuwPD2kpI5ES/nFTDn/98yxYNLZJcgUAKPT/mcrLLKaGzJR9YVxJrIdASQ==",
      "engines": {
        "node": ">=8"
      }
    },
    "node_modules/p-defer": {
      "version": "1.0.0",
      "resolved": "https://registry.npmjs.org/p-defer/-/p-defer-1.0.0.tgz",
      "integrity": "sha1-n26xgvbJqozXQwBKfU+WsZaw+ww=",
      "engines": {
        "node": ">=4"
      }
    },
    "node_modules/php-parser": {
      "version": "3.0.2",
      "resolved": "git+ssh://git@github.com/glayzzle/php-parser.git#bb89fff9e636a991aa3ac931d5f8a66a365fccce",
      "integrity": "sha512-Botjly2ynr3INxUJNm+/i51GW7QZW20XNLXaUSUfsoKUPGbDHTb8cJjQxyCMuiaZQnJGZY+gIwlo9sn9n9dmZA==",
      "license": "BSD-3-Clause"
    },
    "node_modules/prettier": {
      "version": "2.3.1",
      "resolved": "https://registry.npmjs.org/prettier/-/prettier-2.3.1.tgz",
      "integrity": "sha512-p+vNbgpLjif/+D+DwAZAbndtRrR0md0MwfmOVN9N+2RgyACMT+7tfaRnT+WDPkqnuVwleyuBIG2XBxKDme3hPA==",
      "peer": true,
      "bin": {
        "prettier": "bin-prettier.js"
      },
      "engines": {
        "node": ">=10.13.0"
      }
    }
  },
  "dependencies": {
    "@prettier/plugin-php": {
      "version": "0.17.1",
      "resolved": "https://registry.npmjs.org/@prettier/plugin-php/-/plugin-php-0.17.1.tgz",
      "integrity": "sha512-TJIk6sH7ONtKO/ZNTCyDQl83kVbFQMtk7Z9ms4TczIqZhUTo07L0PLRfhcLTyG2ILnEOOjI+gKsaKsZjIkpaKw==",
      "requires": {
        "linguist-languages": "^7.5.1",
        "mem": "^8.0.0",
        "php-parser": "git+https://github.com/glayzzle/php-parser.git#bb89fff9e636a991aa3ac931d5f8a66a365fccce"
      }
    },
    "linguist-languages": {
      "version": "7.15.0",
      "resolved": "https://registry.npmjs.org/linguist-languages/-/linguist-languages-7.15.0.tgz",
      "integrity": "sha512-qkSSNDjDDycZ2Wcw+GziNBB3nNo3ddYUInM/PL8Amgwbd9RQ/BKGj2/1d6mdxKgBFnUqZuaDbkIwkE4KUwwmtQ=="
    },
    "map-age-cleaner": {
      "version": "0.1.3",
      "resolved": "https://registry.npmjs.org/map-age-cleaner/-/map-age-cleaner-0.1.3.tgz",
      "integrity": "sha512-bJzx6nMoP6PDLPBFmg7+xRKeFZvFboMrGlxmNj9ClvX53KrmvM5bXFXEWjbz4cz1AFn+jWJ9z/DJSz7hrs0w3w==",
      "requires": {
        "p-defer": "^1.0.0"
      }
    },
    "mem": {
      "version": "8.1.1",
      "resolved": "https://registry.npmjs.org/mem/-/mem-8.1.1.tgz",
      "integrity": "sha512-qFCFUDs7U3b8mBDPyz5EToEKoAkgCzqquIgi9nkkR9bixxOVOre+09lbuH7+9Kn2NFpm56M3GUWVbU2hQgdACA==",
      "requires": {
        "map-age-cleaner": "^0.1.3",
        "mimic-fn": "^3.1.0"
      }
    },
    "mimic-fn": {
      "version": "3.1.0",
      "resolved": "https://registry.npmjs.org/mimic-fn/-/mimic-fn-3.1.0.tgz",
      "integrity": "sha512-Ysbi9uYW9hFyfrThdDEQuykN4Ey6BuwPD2kpI5ES/nFTDn/98yxYNLZJcgUAKPT/mcrLLKaGzJR9YVxJrIdASQ=="
    },
    "p-defer": {
      "version": "1.0.0",
      "resolved": "https://registry.npmjs.org/p-defer/-/p-defer-1.0.0.tgz",
      "integrity": "sha1-n26xgvbJqozXQwBKfU+WsZaw+ww="
    },
    "php-parser": {
      "version": "git+ssh://git@github.com/glayzzle/php-parser.git#bb89fff9e636a991aa3ac931d5f8a66a365fccce",
      "integrity": "sha512-Botjly2ynr3INxUJNm+/i51GW7QZW20XNLXaUSUfsoKUPGbDHTb8cJjQxyCMuiaZQnJGZY+gIwlo9sn9n9dmZA==",
      "from": "php-parser@git+https://github.com/glayzzle/php-parser.git#bb89fff9e636a991aa3ac931d5f8a66a365fccce"
    },
    "prettier": {
      "version": "2.3.1",
      "resolved": "https://registry.npmjs.org/prettier/-/prettier-2.3.1.tgz",
      "integrity": "sha512-p+vNbgpLjif/+D+DwAZAbndtRrR0md0MwfmOVN9N+2RgyACMT+7tfaRnT+WDPkqnuVwleyuBIG2XBxKDme3hPA==",
      "peer": true
    }
  }
}
